
Microsoft Visual Studio Solution File, Format Version 12.00
# Visual Studio Version 16
VisualStudioVersion = 16.0.31624.102
MinimumVisualStudioVersion = 10.0.40219.1
Project("{FAE04EC0-301F-11D3-BF4B-00C04F79EFBC}") = "MVC Music App", "MVC Music App.csproj", "{287B1627-A642-408B-BCE4-CF5843BCA1A7}"
EndProject
Global
	GlobalSection(SolutionConfigurationPlatforms) = preSolution
		Debug|Any CPU = Debug|Any CPU
		Release|Any CPU = Release|Any CPU
	EndGlobalSection
	GlobalSection(ProjectConfigurationPlatforms) = postSolution
		{287B1627-A642-408B-BCE4-CF5843BCA1A7}.Debug|Any CPU.ActiveCfg = Debug|Any CPU
		{287B1627-A642-408B-BCE4-CF5843BCA1A7}.Debug|Any CPU.Build.0 = Debug|Any CPU
		{287B1627-A642-408B-BCE4-CF5843BCA1A7}.Release|Any CPU.ActiveCfg = Release|Any CPU
		{287B1627-A642-408B-BCE4-CF5843BCA1A7}.Release|Any CPU.Build.0 = Release|Any CPU
	EndGlobalSection
	GlobalSection(SolutionProperties) = preSolution
		HideSolutionNode = FALSE
	EndGlobalSection
	GlobalSection(ExtensibilityGlobals) = postSolution
		SolutionGuid = {033206F8-45EA-4101-B379-AB4CAC1A01AA}
	EndGlobalSection
EndGlobal
